PODS:
  - FBSnapshotTestCase (2.1.4):
    - FBSnapshotTestCase/SwiftSupport (= 2.1.4)
  - FBSnapshotTestCase/Core (2.1.4)
  - FBSnapshotTestCase/SwiftSupport (2.1.4):
    - FBSnapshotTestCase/Core
  - Nimble (8.0.9)
  - Quick (2.2.1)
  - SwiftyShare (0.1.0):
    - SwiftyShare/Extension (= 0.1.0)
    - SwiftyShare/PlatformConnector (= 0.1.0)
    - SwiftyShare/Platforms (= 0.1.0)
    - SwiftyShare/SwiftyShareCore (= 0.1.0)
  - SwiftyShare/Extension (0.1.0):
    - SwiftyShare/SwiftyShareCore
  - SwiftyShare/PlatformConnector (0.1.0):
    - SwiftyShare/PlatformConnector/QQ (= 0.1.0)
    - SwiftyShare/PlatformConnector/Wechat (= 0.1.0)
  - SwiftyShare/PlatformConnector/QQ (0.1.0)
  - SwiftyShare/PlatformConnector/Wechat (0.1.0)
  - SwiftyShare/Platforms (0.1.0):
    - SwiftyShare/Platforms/QQ (= 0.1.0)
    - SwiftyShare/Platforms/WeChat (= 0.1.0)
  - SwiftyShare/Platforms/QQ (0.1.0):
    - SwiftyShare/PlatformConnector/QQ
    - SwiftyShare/SwiftyShareCore
  - SwiftyShare/Platforms/WeChat (0.1.0):
    - SwiftyShare/PlatformConnector/Wechat
    - SwiftyShare/SwiftyShareCore
  - SwiftyShare/SwiftyShareCore (0.1.0)

DEPENDENCIES:
  - FBSnapshotTestCase (~> 2.1.4)
  - Nimble (~> 8.0.7)
  - Quick (~> 2.2.0)
  - SwiftyShare (from `../`)
  - SwiftyShare/Extension (from `../`)
  - SwiftyShare/Platforms/QQ (from `../`)
  - SwiftyShare/Platforms/WeChat (from `../`)

SPEC REPOS:
  trunk:
    - FBSnapshotTestCase
    - Nimble
    - Quick

EXTERNAL SOURCES:
  SwiftyShare:
    :path: "../"

SPEC CHECKSUMS:
  FBSnapshotTestCase: 094f9f314decbabe373b87cc339bea235a63e07a
  Nimble: 98b888285a615fd34f20e61753cf58ea1402bde4
  Quick: f5754d69b7013f5864c29aab9ae6f0c79c5bc200
  SwiftyShare: 18a55390dffe42d3f599ce30995146900cc238fb

PODFILE CHECKSUM: 6f432c6db12251b52a9fcac17670e796db2b6b50

COCOAPODS: 1.10.0
